
Microsoft Visual Studio Solution File, Format Version 12.00
# Visual Studio 15
VisualStudioVersion = 15.0.26403.3
MinimumVisualStudioVersion = 10.0.40219.1
Project("{FAE04EC0-301F-11D3-BF4B-00C04F79EFBC}") = "WFAdmin", "Comp\WFAdmin.csproj", "{6E56D7CD-475A-4E32-8CC2-507803176306}"
EndProject
Project("{FAE04EC0-301F-11D3-BF4B-00C04F79EFBC}") = "BL", "BL\BL.csproj", "{9FCD5ED7-83C7-4B36-81C1-BE52EAE6443C}"
EndProject
Project("{FAE04EC0-301F-11D3-BF4B-00C04F79EFBC}") = "WPF", "WPF\WPF.csproj", "{0290D9EE-F089-48F8-AF9A-64AB6E34DA5D}"
EndProject
Project("{FAE04EC0-301F-11D3-BF4B-00C04F79EFBC}") = "REST", "REST\REST.csproj", "{DF79573E-583B-4125-94EF-1CCCE3E96305}"
EndProject
Project("{FAE04EC0-301F-11D3-BF4B-00C04F79EFBC}") = "Angular", "Angular\Angular.csproj", "{BD67F9F0-8D29-497C-8539-897F8A98BDB0}"
EndProject
Project("{FAE04EC0-301F-11D3-BF4B-00C04F79EFBC}") = "BEFLSPR", "WebSpr\BEFLSPR.csproj", "{900B6FFA-FB53-41A7-8765-0EABE39D6E19}"
EndProject
Project("{FAE04EC0-301F-11D3-BF4B-00C04F79EFBC}") = "OWINWebAPI", "OWINWebAPI\OWINWebAPI.csproj", "{E821E994-DC13-47D1-8D10-4AE5F67EDB56}"
EndProject
Project("{FAE04EC0-301F-11D3-BF4B-00C04F79EFBC}") = "Mobile.Android", "Mobile\Mobile.Android\Mobile.Android.csproj", "{2262EB68-5B37-499C-A498-181F138A46CC}"
EndProject
Project("{FAE04EC0-301F-11D3-BF4B-00C04F79EFBC}") = "Mobile", "Mobile\Mobile\Mobile.csproj", "{4E8D6EF6-C0A5-4AEE-AFBF-5219C27F6A60}"
EndProject
Global
	GlobalSection(SolutionConfigurationPlatforms) = preSolution
		Ad-Hoc|Any CPU = Ad-Hoc|Any CPU
		Ad-Hoc|iPhone = Ad-Hoc|iPhone
		Ad-Hoc|iPhoneSimulator = Ad-Hoc|iPhoneSimulator
		AppStore|Any CPU = AppStore|Any CPU
		AppStore|iPhone = AppStore|iPhone
		AppStore|iPhoneSimulator = AppStore|iPhoneSimulator
		Debug|Any CPU = Debug|Any CPU
		Debug|iPhone = Debug|iPhone
		Debug|iPhoneSimulator = Debug|iPhoneSimulator
		Release|Any CPU = Release|Any CPU
		Release|iPhone = Release|iPhone
		Release|iPhoneSimulator = Release|iPhoneSimulator
	EndGlobalSection
	GlobalSection(ProjectConfigurationPlatforms) = postSolution
		{6E56D7CD-475A-4E32-8CC2-507803176306}.Ad-Hoc|Any CPU.ActiveCfg = Release|Any CPU
		{6E56D7CD-475A-4E32-8CC2-507803176306}.Ad-Hoc|Any CPU.Build.0 = Release|Any CPU
		{6E56D7CD-475A-4E32-8CC2-507803176306}.Ad-Hoc|iPhone.ActiveCfg = Release|Any CPU
		{6E56D7CD-475A-4E32-8CC2-507803176306}.Ad-Hoc|iPhone.Build.0 = Release|Any CPU
		{6E56D7CD-475A-4E32-8CC2-507803176306}.Ad-Hoc|iPhoneSimulator.ActiveCfg = Release|Any CPU
		{6E56D7CD-475A-4E32-8CC2-507803176306}.Ad-Hoc|iPhoneSimulator.Build.0 = Release|Any CPU
		{6E56D7CD-475A-4E32-8CC2-507803176306}.AppStore|Any CPU.ActiveCfg = Release|Any CPU
		{6E56D7CD-475A-4E32-8CC2-507803176306}.AppStore|Any CPU.Build.0 = Release|Any CPU
		{6E56D7CD-475A-4E32-8CC2-507803176306}.AppStore|iPhone.ActiveCfg = Release|Any CPU
		{6E56D7CD-475A-4E32-8CC2-507803176306}.AppStore|iPhone.Build.0 = Release|Any CPU
		{6E56D7CD-475A-4E32-8CC2-507803176306}.AppStore|iPhoneSimulator.ActiveCfg = Release|Any CPU
		{6E56D7CD-475A-4E32-8CC2-507803176306}.AppStore|iPhoneSimulator.Build.0 = Release|Any CPU
		{6E56D7CD-475A-4E32-8CC2-507803176306}.Debug|Any CPU.ActiveCfg = Debug|Any CPU
		{6E56D7CD-475A-4E32-8CC2-507803176306}.Debug|Any CPU.Build.0 = Debug|Any CPU
		{6E56D7CD-475A-4E32-8CC2-507803176306}.Debug|iPhone.ActiveCfg = Debug|Any CPU
		{6E56D7CD-475A-4E32-8CC2-507803176306}.Debug|iPhone.Build.0 = Debug|Any CPU
		{6E56D7CD-475A-4E32-8CC2-507803176306}.Debug|iPhoneSimulator.ActiveCfg = Debug|Any CPU
		{6E56D7CD-475A-4E32-8CC2-507803176306}.Debug|iPhoneSimulator.Build.0 = Debug|Any CPU
		{6E56D7CD-475A-4E32-8CC2-507803176306}.Release|Any CPU.ActiveCfg = Release|Any CPU
		{6E56D7CD-475A-4E32-8CC2-507803176306}.Release|Any CPU.Build.0 = Release|Any CPU
		{6E56D7CD-475A-4E32-8CC2-507803176306}.Release|iPhone.ActiveCfg = Release|Any CPU
		{6E56D7CD-475A-4E32-8CC2-507803176306}.Release|iPhone.Build.0 = Release|Any CPU
		{6E56D7CD-475A-4E32-8CC2-507803176306}.Release|iPhoneSimulator.ActiveCfg = Release|Any CPU
		{6E56D7CD-475A-4E32-8CC2-507803176306}.Release|iPhoneSimulator.Build.0 = Release|Any CPU
		{9FCD5ED7-83C7-4B36-81C1-BE52EAE6443C}.Ad-Hoc|Any CPU.ActiveCfg = Release|Any CPU
		{9FCD5ED7-83C7-4B36-81C1-BE52EAE6443C}.Ad-Hoc|Any CPU.Build.0 = Release|Any CPU
		{9FCD5ED7-83C7-4B36-81C1-BE52EAE6443C}.Ad-Hoc|iPhone.ActiveCfg = Release|Any CPU
		{9FCD5ED7-83C7-4B36-81C1-BE52EAE6443C}.Ad-Hoc|iPhone.Build.0 = Release|Any CPU
		{9FCD5ED7-83C7-4B36-81C1-BE52EAE6443C}.Ad-Hoc|iPhoneSimulator.ActiveCfg = Release|Any CPU
		{9FCD5ED7-83C7-4B36-81C1-BE52EAE6443C}.Ad-Hoc|iPhoneSimulator.Build.0 = Release|Any CPU
		{9FCD5ED7-83C7-4B36-81C1-BE52EAE6443C}.AppStore|Any CPU.ActiveCfg = Release|Any CPU
		{9FCD5ED7-83C7-4B36-81C1-BE52EAE6443C}.AppStore|Any CPU.Build.0 = Release|Any CPU
		{9FCD5ED7-83C7-4B36-81C1-BE52EAE6443C}.AppStore|iPhone.ActiveCfg = Release|Any CPU
		{9FCD5ED7-83C7-4B36-81C1-BE52EAE6443C}.AppStore|iPhone.Build.0 = Release|Any CPU
		{9FCD5ED7-83C7-4B36-81C1-BE52EAE6443C}.AppStore|iPhoneSimulator.ActiveCfg = Release|Any CPU
		{9FCD5ED7-83C7-4B36-81C1-BE52EAE6443C}.AppStore|iPhoneSimulator.Build.0 = Release|Any CPU
		{9FCD5ED7-83C7-4B36-81C1-BE52EAE6443C}.Debug|Any CPU.ActiveCfg = Debug|Any CPU
		{9FCD5ED7-83C7-4B36-81C1-BE52EAE6443C}.Debug|Any CPU.Build.0 = Debug|Any CPU
		{9FCD5ED7-83C7-4B36-81C1-BE52EAE6443C}.Debug|iPhone.ActiveCfg = Debug|Any CPU
		{9FCD5ED7-83C7-4B36-81C1-BE52EAE6443C}.Debug|iPhone.Build.0 = Debug|Any CPU
		{9FCD5ED7-83C7-4B36-81C1-BE52EAE6443C}.Debug|iPhoneSimulator.ActiveCfg = Debug|Any CPU
		{9FCD5ED7-83C7-4B36-81C1-BE52EAE6443C}.Debug|iPhoneSimulator.Build.0 = Debug|Any CPU
		{9FCD5ED7-83C7-4B36-81C1-BE52EAE6443C}.Release|Any CPU.ActiveCfg = Release|Any CPU
		{9FCD5ED7-83C7-4B36-81C1-BE52EAE6443C}.Release|Any CPU.Build.0 = Release|Any CPU
		{9FCD5ED7-83C7-4B36-81C1-BE52EAE6443C}.Release|iPhone.ActiveCfg = Release|Any CPU
		{9FCD5ED7-83C7-4B36-81C1-BE52EAE6443C}.Release|iPhone.Build.0 = Release|Any CPU
		{9FCD5ED7-83C7-4B36-81C1-BE52EAE6443C}.Release|iPhoneSimulator.ActiveCfg = Release|Any CPU
		{9FCD5ED7-83C7-4B36-81C1-BE52EAE6443C}.Release|iPhoneSimulator.Build.0 = Release|Any CPU
		{0290D9EE-F089-48F8-AF9A-64AB6E34DA5D}.Ad-Hoc|Any CPU.ActiveCfg = Release|Any CPU
		{0290D9EE-F089-48F8-AF9A-64AB6E34DA5D}.Ad-Hoc|Any CPU.Build.0 = Release|Any CPU
		{0290D9EE-F089-48F8-AF9A-64AB6E34DA5D}.Ad-Hoc|iPhone.ActiveCfg = Release|Any CPU
		{0290D9EE-F089-48F8-AF9A-64AB6E34DA5D}.Ad-Hoc|iPhone.Build.0 = Release|Any CPU
		{0290D9EE-F089-48F8-AF9A-64AB6E34DA5D}.Ad-Hoc|iPhoneSimulator.ActiveCfg = Release|Any CPU
		{0290D9EE-F089-48F8-AF9A-64AB6E34DA5D}.Ad-Hoc|iPhoneSimulator.Build.0 = Release|Any CPU
		{0290D9EE-F089-48F8-AF9A-64AB6E34DA5D}.AppStore|Any CPU.ActiveCfg = Release|Any CPU
		{0290D9EE-F089-48F8-AF9A-64AB6E34DA5D}.AppStore|Any CPU.Build.0 = Release|Any CPU
		{0290D9EE-F089-48F8-AF9A-64AB6E34DA5D}.AppStore|iPhone.ActiveCfg = Release|Any CPU
		{0290D9EE-F089-48F8-AF9A-64AB6E34DA5D}.AppStore|iPhone.Build.0 = Release|Any CPU
		{0290D9EE-F089-48F8-AF9A-64AB6E34DA5D}.AppStore|iPhoneSimulator.ActiveCfg = Release|Any CPU
		{0290D9EE-F089-48F8-AF9A-64AB6E34DA5D}.AppStore|iPhoneSimulator.Build.0 = Release|Any CPU
		{0290D9EE-F089-48F8-AF9A-64AB6E34DA5D}.Debug|Any CPU.ActiveCfg = Debug|Any CPU
		{0290D9EE-F089-48F8-AF9A-64AB6E34DA5D}.Debug|Any CPU.Build.0 = Debug|Any CPU
		{0290D9EE-F089-48F8-AF9A-64AB6E34DA5D}.Debug|iPhone.ActiveCfg = Debug|Any CPU
		{0290D9EE-F089-48F8-AF9A-64AB6E34DA5D}.Debug|iPhone.Build.0 = Debug|Any CPU
		{0290D9EE-F089-48F8-AF9A-64AB6E34DA5D}.Debug|iPhoneSimulator.ActiveCfg = Debug|Any CPU
		{0290D9EE-F089-48F8-AF9A-64AB6E34DA5D}.Debug|iPhoneSimulator.Build.0 = Debug|Any CPU
		{0290D9EE-F089-48F8-AF9A-64AB6E34DA5D}.Release|Any CPU.ActiveCfg = Release|Any CPU
		{0290D9EE-F089-48F8-AF9A-64AB6E34DA5D}.Release|Any CPU.Build.0 = Release|Any CPU
		{0290D9EE-F089-48F8-AF9A-64AB6E34DA5D}.Release|iPhone.ActiveCfg = Release|Any CPU
		{0290D9EE-F089-48F8-AF9A-64AB6E34DA5D}.Release|iPhone.Build.0 = Release|Any CPU
		{0290D9EE-F089-48F8-AF9A-64AB6E34DA5D}.Release|iPhoneSimulator.ActiveCfg = Release|Any CPU
		{0290D9EE-F089-48F8-AF9A-64AB6E34DA5D}.Release|iPhoneSimulator.Build.0 = Release|Any CPU
		{DF79573E-583B-4125-94EF-1CCCE3E96305}.Ad-Hoc|Any CPU.ActiveCfg = Release|Any CPU
		{DF79573E-583B-4125-94EF-1CCCE3E96305}.Ad-Hoc|Any CPU.Build.0 = Release|Any CPU
		{DF79573E-583B-4125-94EF-1CCCE3E96305}.Ad-Hoc|iPhone.ActiveCfg = Release|Any CPU
		{DF79573E-583B-4125-94EF-1CCCE3E96305}.Ad-Hoc|iPhone.Build.0 = Release|Any CPU
		{DF79573E-583B-4125-94EF-1CCCE3E96305}.Ad-Hoc|iPhoneSimulator.ActiveCfg = Release|Any CPU
		{DF79573E-583B-4125-94EF-1CCCE3E96305}.Ad-Hoc|iPhoneSimulator.Build.0 = Release|Any CPU
		{DF79573E-583B-4125-94EF-1CCCE3E96305}.AppStore|Any CPU.ActiveCfg = Release|Any CPU
		{DF79573E-583B-4125-94EF-1CCCE3E96305}.AppStore|Any CPU.Build.0 = Release|Any CPU
		{DF79573E-583B-4125-94EF-1CCCE3E96305}.AppStore|iPhone.ActiveCfg = Release|Any CPU
		{DF79573E-583B-4125-94EF-1CCCE3E96305}.AppStore|iPhone.Build.0 = Release|Any CPU
		{DF79573E-583B-4125-94EF-1CCCE3E96305}.AppStore|iPhoneSimulator.ActiveCfg = Release|Any CPU
		{DF79573E-583B-4125-94EF-1CCCE3E96305}.AppStore|iPhoneSimulator.Build.0 = Release|Any CPU
		{DF79573E-583B-4125-94EF-1CCCE3E96305}.Debug|Any CPU.ActiveCfg = Debug|Any CPU
		{DF79573E-583B-4125-94EF-1CCCE3E96305}.Debug|Any CPU.Build.0 = Debug|Any CPU
		{DF79573E-583B-4125-94EF-1CCCE3E96305}.Debug|iPhone.ActiveCfg = Debug|Any CPU
		{DF79573E-583B-4125-94EF-1CCCE3E96305}.Debug|iPhone.Build.0 = Debug|Any CPU
		{DF79573E-583B-4125-94EF-1CCCE3E96305}.Debug|iPhoneSimulator.ActiveCfg = Debug|Any CPU
		{DF79573E-583B-4125-94EF-1CCCE3E96305}.Debug|iPhoneSimulator.Build.0 = Debug|Any CPU
		{DF79573E-583B-4125-94EF-1CCCE3E96305}.Release|Any CPU.ActiveCfg = Release|Any CPU
		{DF79573E-583B-4125-94EF-1CCCE3E96305}.Release|Any CPU.Build.0 = Release|Any CPU
		{DF79573E-583B-4125-94EF-1CCCE3E96305}.Release|iPhone.ActiveCfg = Release|Any CPU
		{DF79573E-583B-4125-94EF-1CCCE3E96305}.Release|iPhone.Build.0 = Release|Any CPU
		{DF79573E-583B-4125-94EF-1CCCE3E96305}.Release|iPhoneSimulator.ActiveCfg = Release|Any CPU
		{DF79573E-583B-4125-94EF-1CCCE3E96305}.Release|iPhoneSimulator.Build.0 = Release|Any CPU
		{BD67F9F0-8D29-497C-8539-897F8A98BDB0}.Ad-Hoc|Any CPU.ActiveCfg = Release|Any CPU
		{BD67F9F0-8D29-497C-8539-897F8A98BDB0}.Ad-Hoc|Any CPU.Build.0 = Release|Any CPU
		{BD67F9F0-8D29-497C-8539-897F8A98BDB0}.Ad-Hoc|iPhone.ActiveCfg = Release|Any CPU
		{BD67F9F0-8D29-497C-8539-897F8A98BDB0}.Ad-Hoc|iPhone.Build.0 = Release|Any CPU
		{BD67F9F0-8D29-497C-8539-897F8A98BDB0}.Ad-Hoc|iPhoneSimulator.ActiveCfg = Release|Any CPU
		{BD67F9F0-8D29-497C-8539-897F8A98BDB0}.Ad-Hoc|iPhoneSimulator.Build.0 = Release|Any CPU
		{BD67F9F0-8D29-497C-8539-897F8A98BDB0}.AppStore|Any CPU.ActiveCfg = Release|Any CPU
		{BD67F9F0-8D29-497C-8539-897F8A98BDB0}.AppStore|Any CPU.Build.0 = Release|Any CPU
		{BD67F9F0-8D29-497C-8539-897F8A98BDB0}.AppStore|iPhone.ActiveCfg = Release|Any CPU
		{BD67F9F0-8D29-497C-8539-897F8A98BDB0}.AppStore|iPhone.Build.0 = Release|Any CPU
		{BD67F9F0-8D29-497C-8539-897F8A98BDB0}.AppStore|iPhoneSimulator.ActiveCfg = Release|Any CPU
		{BD67F9F0-8D29-497C-8539-897F8A98BDB0}.AppStore|iPhoneSimulator.Build.0 = Release|Any CPU
		{BD67F9F0-8D29-497C-8539-897F8A98BDB0}.Debug|Any CPU.ActiveCfg = Debug|Any CPU
		{BD67F9F0-8D29-497C-8539-897F8A98BDB0}.Debug|Any CPU.Build.0 = Debug|Any CPU
		{BD67F9F0-8D29-497C-8539-897F8A98BDB0}.Debug|iPhone.ActiveCfg = Debug|Any CPU
		{BD67F9F0-8D29-497C-8539-897F8A98BDB0}.Debug|iPhone.Build.0 = Debug|Any CPU
		{BD67F9F0-8D29-497C-8539-897F8A98BDB0}.Debug|iPhoneSimulator.ActiveCfg = Debug|Any CPU
		{BD67F9F0-8D29-497C-8539-897F8A98BDB0}.Debug|iPhoneSimulator.Build.0 = Debug|Any CPU
		{BD67F9F0-8D29-497C-8539-897F8A98BDB0}.Release|Any CPU.ActiveCfg = Release|Any CPU
		{BD67F9F0-8D29-497C-8539-897F8A98BDB0}.Release|Any CPU.Build.0 = Release|Any CPU
		{BD67F9F0-8D29-497C-8539-897F8A98BDB0}.Release|iPhone.ActiveCfg = Release|Any CPU
		{BD67F9F0-8D29-497C-8539-897F8A98BDB0}.Release|iPhone.Build.0 = Release|Any CPU
		{BD67F9F0-8D29-497C-8539-897F8A98BDB0}.Release|iPhoneSimulator.ActiveCfg = Release|Any CPU
		{BD67F9F0-8D29-497C-8539-897F8A98BDB0}.Release|iPhoneSimulator.Build.0 = Release|Any CPU
		{900B6FFA-FB53-41A7-8765-0EABE39D6E19}.Ad-Hoc|Any CPU.ActiveCfg = Release|Any CPU
		{900B6FFA-FB53-41A7-8765-0EABE39D6E19}.Ad-Hoc|Any CPU.Build.0 = Release|Any CPU
		{900B6FFA-FB53-41A7-8765-0EABE39D6E19}.Ad-Hoc|iPhone.ActiveCfg = Release|Any CPU
		{900B6FFA-FB53-41A7-8765-0EABE39D6E19}.Ad-Hoc|iPhone.Build.0 = Release|Any CPU
		{900B6FFA-FB53-41A7-8765-0EABE39D6E19}.Ad-Hoc|iPhoneSimulator.ActiveCfg = Release|Any CPU
		{900B6FFA-FB53-41A7-8765-0EABE39D6E19}.Ad-Hoc|iPhoneSimulator.Build.0 = Release|Any CPU
		{900B6FFA-FB53-41A7-8765-0EABE39D6E19}.AppStore|Any CPU.ActiveCfg = Release|Any CPU
		{900B6FFA-FB53-41A7-8765-0EABE39D6E19}.AppStore|Any CPU.Build.0 = Release|Any CPU
		{900B6FFA-FB53-41A7-8765-0EABE39D6E19}.AppStore|iPhone.ActiveCfg = Release|Any CPU
		{900B6FFA-FB53-41A7-8765-0EABE39D6E19}.AppStore|iPhone.Build.0 = Release|Any CPU
		{900B6FFA-FB53-41A7-8765-0EABE39D6E19}.AppStore|iPhoneSimulator.ActiveCfg = Release|Any CPU
		{900B6FFA-FB53-41A7-8765-0EABE39D6E19}.AppStore|iPhoneSimulator.Build.0 = Release|Any CPU
		{900B6FFA-FB53-41A7-8765-0EABE39D6E19}.Debug|Any CPU.ActiveCfg = Debug|Any CPU
		{900B6FFA-FB53-41A7-8765-0EABE39D6E19}.Debug|Any CPU.Build.0 = Debug|Any CPU
		{900B6FFA-FB53-41A7-8765-0EABE39D6E19}.Debug|iPhone.ActiveCfg = Debug|Any CPU
		{900B6FFA-FB53-41A7-8765-0EABE39D6E19}.Debug|iPhone.Build.0 = Debug|Any CPU
		{900B6FFA-FB53-41A7-8765-0EABE39D6E19}.Debug|iPhoneSimulator.ActiveCfg = Debug|Any CPU
		{900B6FFA-FB53-41A7-8765-0EABE39D6E19}.Debug|iPhoneSimulator.Build.0 = Debug|Any CPU
		{900B6FFA-FB53-41A7-8765-0EABE39D6E19}.Release|Any CPU.ActiveCfg = Release|Any CPU
		{900B6FFA-FB53-41A7-8765-0EABE39D6E19}.Release|Any CPU.Build.0 = Release|Any CPU
		{900B6FFA-FB53-41A7-8765-0EABE39D6E19}.Release|iPhone.ActiveCfg = Release|Any CPU
		{900B6FFA-FB53-41A7-8765-0EABE39D6E19}.Release|iPhone.Build.0 = Release|Any CPU
		{900B6FFA-FB53-41A7-8765-0EABE39D6E19}.Release|iPhoneSimulator.ActiveCfg = Release|Any CPU
		{900B6FFA-FB53-41A7-8765-0EABE39D6E19}.Release|iPhoneSimulator.Build.0 = Release|Any CPU
		{E821E994-DC13-47D1-8D10-4AE5F67EDB56}.Ad-Hoc|Any CPU.ActiveCfg = Release|Any CPU
		{E821E994-DC13-47D1-8D10-4AE5F67EDB56}.Ad-Hoc|Any CPU.Build.0 = Release|Any CPU
		{E821E994-DC13-47D1-8D10-4AE5F67EDB56}.Ad-Hoc|iPhone.ActiveCfg = Release|Any CPU
		{E821E994-DC13-47D1-8D10-4AE5F67EDB56}.Ad-Hoc|iPhone.Build.0 = Release|Any CPU
		{E821E994-DC13-47D1-8D10-4AE5F67EDB56}.Ad-Hoc|iPhoneSimulator.ActiveCfg = Release|Any CPU
		{E821E994-DC13-47D1-8D10-4AE5F67EDB56}.Ad-Hoc|iPhoneSimulator.Build.0 = Release|Any CPU
		{E821E994-DC13-47D1-8D10-4AE5F67EDB56}.AppStore|Any CPU.ActiveCfg = Release|Any CPU
		{E821E994-DC13-47D1-8D10-4AE5F67EDB56}.AppStore|Any CPU.Build.0 = Release|Any CPU
		{E821E994-DC13-47D1-8D10-4AE5F67EDB56}.AppStore|iPhone.ActiveCfg = Release|Any CPU
		{E821E994-DC13-47D1-8D10-4AE5F67EDB56}.AppStore|iPhone.Build.0 = Release|Any CPU
		{E821E994-DC13-47D1-8D10-4AE5F67EDB56}.AppStore|iPhoneSimulator.ActiveCfg = Release|Any CPU
		{E821E994-DC13-47D1-8D10-4AE5F67EDB56}.AppStore|iPhoneSimulator.Build.0 = Release|Any CPU
		{E821E994-DC13-47D1-8D10-4AE5F67EDB56}.Debug|Any CPU.ActiveCfg = Debug|Any CPU
		{E821E994-DC13-47D1-8D10-4AE5F67EDB56}.Debug|Any CPU.Build.0 = Debug|Any CPU
		{E821E994-DC13-47D1-8D10-4AE5F67EDB56}.Debug|iPhone.ActiveCfg = Debug|Any CPU
		{E821E994-DC13-47D1-8D10-4AE5F67EDB56}.Debug|iPhone.Build.0 = Debug|Any CPU
		{E821E994-DC13-47D1-8D10-4AE5F67EDB56}.Debug|iPhoneSimulator.ActiveCfg = Debug|Any CPU
		{E821E994-DC13-47D1-8D10-4AE5F67EDB56}.Debug|iPhoneSimulator.Build.0 = Debug|Any CPU
		{E821E994-DC13-47D1-8D10-4AE5F67EDB56}.Release|Any CPU.ActiveCfg = Release|Any CPU
		{E821E994-DC13-47D1-8D10-4AE5F67EDB56}.Release|Any CPU.Build.0 = Release|Any CPU
		{E821E994-DC13-47D1-8D10-4AE5F67EDB56}.Release|iPhone.ActiveCfg = Release|Any CPU
		{E821E994-DC13-47D1-8D10-4AE5F67EDB56}.Release|iPhone.Build.0 = Release|Any CPU
		{E821E994-DC13-47D1-8D10-4AE5F67EDB56}.Release|iPhoneSimulator.ActiveCfg = Release|Any CPU
		{E821E994-DC13-47D1-8D10-4AE5F67EDB56}.Release|iPhoneSimulator.Build.0 = Release|Any CPU
		{2262EB68-5B37-499C-A498-181F138A46CC}.Ad-Hoc|Any CPU.ActiveCfg = Release|Any CPU
		{2262EB68-5B37-499C-A498-181F138A46CC}.Ad-Hoc|Any CPU.Build.0 = Release|Any CPU
		{2262EB68-5B37-499C-A498-181F138A46CC}.Ad-Hoc|Any CPU.Deploy.0 = Release|Any CPU
		{2262EB68-5B37-499C-A498-181F138A46CC}.Ad-Hoc|iPhone.ActiveCfg = Release|Any CPU
		{2262EB68-5B37-499C-A498-181F138A46CC}.Ad-Hoc|iPhone.Build.0 = Release|Any CPU
		{2262EB68-5B37-499C-A498-181F138A46CC}.Ad-Hoc|iPhone.Deploy.0 = Release|Any CPU
		{2262EB68-5B37-499C-A498-181F138A46CC}.Ad-Hoc|iPhoneSimulator.ActiveCfg = Release|Any CPU
		{2262EB68-5B37-499C-A498-181F138A46CC}.Ad-Hoc|iPhoneSimulator.Build.0 = Release|Any CPU
		{2262EB68-5B37-499C-A498-181F138A46CC}.Ad-Hoc|iPhoneSimulator.Deploy.0 = Release|Any CPU
		{2262EB68-5B37-499C-A498-181F138A46CC}.AppStore|Any CPU.ActiveCfg = Release|Any CPU
		{2262EB68-5B37-499C-A498-181F138A46CC}.AppStore|Any CPU.Build.0 = Release|Any CPU
		{2262EB68-5B37-499C-A498-181F138A46CC}.AppStore|Any CPU.Deploy.0 = Release|Any CPU
		{2262EB68-5B37-499C-A498-181F138A46CC}.AppStore|iPhone.ActiveCfg = Release|Any CPU
		{2262EB68-5B37-499C-A498-181F138A46CC}.AppStore|iPhone.Build.0 = Release|Any CPU
		{2262EB68-5B37-499C-A498-181F138A46CC}.AppStore|iPhone.Deploy.0 = Release|Any CPU
		{2262EB68-5B37-499C-A498-181F138A46CC}.AppStore|iPhoneSimulator.ActiveCfg = Release|Any CPU
		{2262EB68-5B37-499C-A498-181F138A46CC}.AppStore|iPhoneSimulator.Build.0 = Release|Any CPU
		{2262EB68-5B37-499C-A498-181F138A46CC}.AppStore|iPhoneSimulator.Deploy.0 = Release|Any CPU
		{2262EB68-5B37-499C-A498-181F138A46CC}.Debug|Any CPU.ActiveCfg = Debug|Any CPU
		{2262EB68-5B37-499C-A498-181F138A46CC}.Debug|Any CPU.Build.0 = Debug|Any CPU
		{2262EB68-5B37-499C-A498-181F138A46CC}.Debug|Any CPU.Deploy.0 = Debug|Any CPU
		{2262EB68-5B37-499C-A498-181F138A46CC}.Debug|iPhone.ActiveCfg = Debug|Any CPU
		{2262EB68-5B37-499C-A498-181F138A46CC}.Debug|iPhone.Build.0 = Debug|Any CPU
		{2262EB68-5B37-499C-A498-181F138A46CC}.Debug|iPhone.Deploy.0 = Debug|Any CPU
		{2262EB68-5B37-499C-A498-181F138A46CC}.Debug|iPhoneSimulator.ActiveCfg = Debug|Any CPU
		{2262EB68-5B37-499C-A498-181F138A46CC}.Debug|iPhoneSimulator.Build.0 = Debug|Any CPU
		{2262EB68-5B37-499C-A498-181F138A46CC}.Debug|iPhoneSimulator.Deploy.0 = Debug|Any CPU
		{2262EB68-5B37-499C-A498-181F138A46CC}.Release|Any CPU.ActiveCfg = Release|Any CPU
		{2262EB68-5B37-499C-A498-181F138A46CC}.Release|Any CPU.Build.0 = Release|Any CPU
		{2262EB68-5B37-499C-A498-181F138A46CC}.Release|Any CPU.Deploy.0 = Release|Any CPU
		{2262EB68-5B37-499C-A498-181F138A46CC}.Release|iPhone.ActiveCfg = Release|Any CPU
		{2262EB68-5B37-499C-A498-181F138A46CC}.Release|iPhone.Build.0 = Release|Any CPU
		{2262EB68-5B37-499C-A498-181F138A46CC}.Release|iPhone.Deploy.0 = Release|Any CPU
		{2262EB68-5B37-499C-A498-181F138A46CC}.Release|iPhoneSimulator.ActiveCfg = Release|Any CPU
		{2262EB68-5B37-499C-A498-181F138A46CC}.Release|iPhoneSimulator.Build.0 = Release|Any CPU
		{2262EB68-5B37-499C-A498-181F138A46CC}.Release|iPhoneSimulator.Deploy.0 = Release|Any CPU
		{4E8D6EF6-C0A5-4AEE-AFBF-5219C27F6A60}.Ad-Hoc|Any CPU.ActiveCfg = Release|Any CPU
		{4E8D6EF6-C0A5-4AEE-AFBF-5219C27F6A60}.Ad-Hoc|Any CPU.Build.0 = Release|Any CPU
		{4E8D6EF6-C0A5-4AEE-AFBF-5219C27F6A60}.Ad-Hoc|iPhone.ActiveCfg = Release|Any CPU
		{4E8D6EF6-C0A5-4AEE-AFBF-5219C27F6A60}.Ad-Hoc|iPhone.Build.0 = Release|Any CPU
		{4E8D6EF6-C0A5-4AEE-AFBF-5219C27F6A60}.Ad-Hoc|iPhoneSimulator.ActiveCfg = Release|Any CPU
		{4E8D6EF6-C0A5-4AEE-AFBF-5219C27F6A60}.Ad-Hoc|iPhoneSimulator.Build.0 = Release|Any CPU
		{4E8D6EF6-C0A5-4AEE-AFBF-5219C27F6A60}.AppStore|Any CPU.ActiveCfg = Release|Any CPU
		{4E8D6EF6-C0A5-4AEE-AFBF-5219C27F6A60}.AppStore|Any CPU.Build.0 = Release|Any CPU
		{4E8D6EF6-C0A5-4AEE-AFBF-5219C27F6A60}.AppStore|iPhone.ActiveCfg = Release|Any CPU
		{4E8D6EF6-C0A5-4AEE-AFBF-5219C27F6A60}.AppStore|iPhone.Build.0 = Release|Any CPU
		{4E8D6EF6-C0A5-4AEE-AFBF-5219C27F6A60}.AppStore|iPhoneSimulator.ActiveCfg = Release|Any CPU
		{4E8D6EF6-C0A5-4AEE-AFBF-5219C27F6A60}.AppStore|iPhoneSimulator.Build.0 = Release|Any CPU
		{4E8D6EF6-C0A5-4AEE-AFBF-5219C27F6A60}.Debug|Any CPU.ActiveCfg = Debug|Any CPU
		{4E8D6EF6-C0A5-4AEE-AFBF-5219C27F6A60}.Debug|Any CPU.Build.0 = Debug|Any CPU
		{4E8D6EF6-C0A5-4AEE-AFBF-5219C27F6A60}.Debug|iPhone.ActiveCfg = Debug|Any CPU
		{4E8D6EF6-C0A5-4AEE-AFBF-5219C27F6A60}.Debug|iPhone.Build.0 = Debug|Any CPU
		{4E8D6EF6-C0A5-4AEE-AFBF-5219C27F6A60}.Debug|iPhoneSimulator.ActiveCfg = Debug|Any CPU
		{4E8D6EF6-C0A5-4AEE-AFBF-5219C27F6A60}.Debug|iPhoneSimulator.Build.0 = Debug|Any CPU
		{4E8D6EF6-C0A5-4AEE-AFBF-5219C27F6A60}.Release|Any CPU.ActiveCfg = Release|Any CPU
		{4E8D6EF6-C0A5-4AEE-AFBF-5219C27F6A60}.Release|Any CPU.Build.0 = Release|Any CPU
		{4E8D6EF6-C0A5-4AEE-AFBF-5219C27F6A60}.Release|iPhone.ActiveCfg = Release|Any CPU
		{4E8D6EF6-C0A5-4AEE-AFBF-5219C27F6A60}.Release|iPhone.Build.0 = Release|Any CPU
		{4E8D6EF6-C0A5-4AEE-AFBF-5219C27F6A60}.Release|iPhoneSimulator.ActiveCfg = Release|Any CPU
		{4E8D6EF6-C0A5-4AEE-AFBF-5219C27F6A60}.Release|iPhoneSimulator.Build.0 = Release|Any CPU
	EndGlobalSection
	GlobalSection(SolutionProperties) = preSolution
		HideSolutionNode = FALSE
	EndGlobalSection
EndGlobal
