
Microsoft Visual Studio Solution File, Format Version 12.00
# Visual Studio 15
VisualStudioVersion = 15.0.26228.9
MinimumVisualStudioVersion = 10.0.40219.1
Project("{FAE04EC0-301F-11D3-BF4B-00C04F79EFBC}") = "WFAdmin", "Comp\WFAdmin.csproj", "{6E56D7CD-475A-4E32-8CC2-507803176306}"
EndProject
Project("{FAE04EC0-301F-11D3-BF4B-00C04F79EFBC}") = "BL", "BL\BL.csproj", "{9FCD5ED7-83C7-4B36-81C1-BE52EAE6443C}"
EndProject
Project("{FAE04EC0-301F-11D3-BF4B-00C04F79EFBC}") = "WPF", "WPF\WPF.csproj", "{0290D9EE-F089-48F8-AF9A-64AB6E34DA5D}"
EndProject
Project("{FAE04EC0-301F-11D3-BF4B-00C04F79EFBC}") = "REST", "REST\REST.csproj", "{DF79573E-583B-4125-94EF-1CCCE3E96305}"
EndProject
Project("{FAE04EC0-301F-11D3-BF4B-00C04F79EFBC}") = "Angular", "Angular\Angular.csproj", "{BD67F9F0-8D29-497C-8539-897F8A98BDB0}"
EndProject
Project("{FAE04EC0-301F-11D3-BF4B-00C04F79EFBC}") = "BEFLSPR", "WebSpr\BEFLSPR.csproj", "{900B6FFA-FB53-41A7-8765-0EABE39D6E19}"
EndProject
Project("{FAE04EC0-301F-11D3-BF4B-00C04F79EFBC}") = "OWINWebAPI", "OWINWebAPI\OWINWebAPI.csproj", "{E821E994-DC13-47D1-8D10-4AE5F67EDB56}"
EndProject
Project("{FAE04EC0-301F-11D3-BF4B-00C04F79EFBC}") = "Android", "Android\Android.csproj", "{3DA79F99-DF90-4C8B-A1FA-389152CC3B1E}"
EndProject
Global
	GlobalSection(SolutionConfigurationPlatforms) = preSolution
		Debug|Any CPU = Debug|Any CPU
		Release|Any CPU = Release|Any CPU
	EndGlobalSection
	GlobalSection(ProjectConfigurationPlatforms) = postSolution
		{6E56D7CD-475A-4E32-8CC2-507803176306}.Debug|Any CPU.ActiveCfg = Debug|Any CPU
		{6E56D7CD-475A-4E32-8CC2-507803176306}.Debug|Any CPU.Build.0 = Debug|Any CPU
		{6E56D7CD-475A-4E32-8CC2-507803176306}.Release|Any CPU.ActiveCfg = Release|Any CPU
		{6E56D7CD-475A-4E32-8CC2-507803176306}.Release|Any CPU.Build.0 = Release|Any CPU
		{9FCD5ED7-83C7-4B36-81C1-BE52EAE6443C}.Debug|Any CPU.ActiveCfg = Debug|Any CPU
		{9FCD5ED7-83C7-4B36-81C1-BE52EAE6443C}.Debug|Any CPU.Build.0 = Debug|Any CPU
		{9FCD5ED7-83C7-4B36-81C1-BE52EAE6443C}.Release|Any CPU.ActiveCfg = Release|Any CPU
		{9FCD5ED7-83C7-4B36-81C1-BE52EAE6443C}.Release|Any CPU.Build.0 = Release|Any CPU
		{0290D9EE-F089-48F8-AF9A-64AB6E34DA5D}.Debug|Any CPU.ActiveCfg = Debug|Any CPU
		{0290D9EE-F089-48F8-AF9A-64AB6E34DA5D}.Debug|Any CPU.Build.0 = Debug|Any CPU
		{0290D9EE-F089-48F8-AF9A-64AB6E34DA5D}.Release|Any CPU.ActiveCfg = Release|Any CPU
		{0290D9EE-F089-48F8-AF9A-64AB6E34DA5D}.Release|Any CPU.Build.0 = Release|Any CPU
		{DF79573E-583B-4125-94EF-1CCCE3E96305}.Debug|Any CPU.ActiveCfg = Debug|Any CPU
		{DF79573E-583B-4125-94EF-1CCCE3E96305}.Debug|Any CPU.Build.0 = Debug|Any CPU
		{DF79573E-583B-4125-94EF-1CCCE3E96305}.Release|Any CPU.ActiveCfg = Release|Any CPU
		{DF79573E-583B-4125-94EF-1CCCE3E96305}.Release|Any CPU.Build.0 = Release|Any CPU
		{BD67F9F0-8D29-497C-8539-897F8A98BDB0}.Debug|Any CPU.ActiveCfg = Debug|Any CPU
		{BD67F9F0-8D29-497C-8539-897F8A98BDB0}.Debug|Any CPU.Build.0 = Debug|Any CPU
		{BD67F9F0-8D29-497C-8539-897F8A98BDB0}.Release|Any CPU.ActiveCfg = Release|Any CPU
		{BD67F9F0-8D29-497C-8539-897F8A98BDB0}.Release|Any CPU.Build.0 = Release|Any CPU
		{900B6FFA-FB53-41A7-8765-0EABE39D6E19}.Debug|Any CPU.ActiveCfg = Debug|Any CPU
		{900B6FFA-FB53-41A7-8765-0EABE39D6E19}.Debug|Any CPU.Build.0 = Debug|Any CPU
		{900B6FFA-FB53-41A7-8765-0EABE39D6E19}.Release|Any CPU.ActiveCfg = Release|Any CPU
		{900B6FFA-FB53-41A7-8765-0EABE39D6E19}.Release|Any CPU.Build.0 = Release|Any CPU
		{E821E994-DC13-47D1-8D10-4AE5F67EDB56}.Debug|Any CPU.ActiveCfg = Debug|Any CPU
		{E821E994-DC13-47D1-8D10-4AE5F67EDB56}.Debug|Any CPU.Build.0 = Debug|Any CPU
		{E821E994-DC13-47D1-8D10-4AE5F67EDB56}.Release|Any CPU.ActiveCfg = Release|Any CPU
		{E821E994-DC13-47D1-8D10-4AE5F67EDB56}.Release|Any CPU.Build.0 = Release|Any CPU
		{3DA79F99-DF90-4C8B-A1FA-389152CC3B1E}.Debug|Any CPU.ActiveCfg = Debug|Any CPU
		{3DA79F99-DF90-4C8B-A1FA-389152CC3B1E}.Debug|Any CPU.Build.0 = Debug|Any CPU
		{3DA79F99-DF90-4C8B-A1FA-389152CC3B1E}.Debug|Any CPU.Deploy.0 = Debug|Any CPU
		{3DA79F99-DF90-4C8B-A1FA-389152CC3B1E}.Release|Any CPU.ActiveCfg = Release|Any CPU
		{3DA79F99-DF90-4C8B-A1FA-389152CC3B1E}.Release|Any CPU.Build.0 = Release|Any CPU
		{3DA79F99-DF90-4C8B-A1FA-389152CC3B1E}.Release|Any CPU.Deploy.0 = Release|Any CPU
	EndGlobalSection
	GlobalSection(SolutionProperties) = preSolution
		HideSolutionNode = FALSE
	EndGlobalSection
EndGlobal
